// !$*UTF8*$!
{
	archiveVersion = 1;
	classes = {
	};
	objectVersion = 50;
	objects = {

/* Begin PBXBuildFile section */
		DA3291BD26629DBC003233CC /* bumblebeesApp.swift in Sources */ = {isa = PBXBuildFile; fileRef = DA3291BC26629DBC003233CC /* bumblebeesApp.swift */; };
		DA3291BF26629DBC003233CC /* ContentView.swift in Sources */ = {isa = PBXBuildFile; fileRef = DA3291BE26629DBC003233CC /* ContentView.swift */; };
		DA3291C126629DC8003233CC /* Assets.xcassets in Resources */ = {isa = PBXBuildFile; fileRef = DA3291C026629DC8003233CC /* Assets.xcassets */; };
		DA3291C426629DC8003233CC /* Preview Assets.xcassets in Resources */ = {isa = PBXBuildFile; fileRef = DA3291C326629DC8003233CC /* Preview Assets.xcassets */; };
		DA3291CF26629DC9003233CC /* bumblebeesTests.swift in Sources */ = {isa = PBXBuildFile; fileRef = DA3291CE26629DC9003233CC /* bumblebeesTests.swift */; };
		DA3291DA26629DC9003233CC /* bumblebeesUITests.swift in Sources */ = {isa = PBXBuildFile; fileRef = DA3291D926629DC9003233CC /* bumblebeesUITests.swift */; };
/* End PBXBuildFile section */

/* Begin PBXContainerItemProxy section */
		DA3291CB26629DC9003233CC /* PBXContainerItemProxy */ = {
			isa = PBXContainerItemProxy;
			containerPortal = DA3291B126629DBC003233CC /* Project object */;
			proxyType = 1;
			remoteGlobalIDString = DA3291B826629DBC003233CC;
			remoteInfo = bumblebees;
		};
		DA3291D626629DC9003233CC /* PBXContainerItemProxy */ = {
			isa = PBXContainerItemProxy;
			containerPortal = DA3291B126629DBC003233CC /* Project object */;
			proxyType = 1;
			remoteGlobalIDString = DA3291B826629DBC003233CC;
			remoteInfo = bumblebees;
		};
/* End PBXContainerItemProxy section */

/* Begin PBXFileReference section */
		DA3291B926629DBC003233CC /* bumblebees.app */ = {isa = PBXFileReference; explicitFileType = wrapper.application; includeInIndex = 0; path = bumblebees.app; sourceTree = BUILT_PRODUCTS_DIR; };
		DA3291BC26629DBC003233CC /* bumblebeesApp.swift */ = {isa = PBXFileReference; lastKnownFileType = sourcecode.swift; path = bumblebeesApp.swift; sourceTree = "<group>"; };
		DA3291BE26629DBC003233CC /* ContentView.swift */ = {isa = PBXFileReference; lastKnownFileType = sourcecode.swift; path = ContentView.swift; sourceTree = "<group>"; };
		DA3291C026629DC8003233CC /* Assets.xcassets */ = {isa = PBXFileReference; lastKnownFileType = folder.assetcatalog; path = Assets.xcassets; sourceTree = "<group>"; };
		DA3291C326629DC8003233CC /* Preview Assets.xcassets */ = {isa = PBXFileReference; lastKnownFileType = folder.assetcatalog; path = "Preview Assets.xcassets"; sourceTree = "<group>"; };
		DA3291C526629DC8003233CC /* Info.plist */ = {isa = PBXFileReference; lastKnownFileType = text.plist.xml; path = Info.plist; sourceTree = "<group>"; };
		DA3291CA26629DC9003233CC /* bumblebeesTests.xctest */ = {isa = PBXFileReference; explicitFileType = wrapper.cfbundle; includeInIndex = 0; path = bumblebeesTests.xctest; sourceTree = BUILT_PRODUCTS_DIR; };
		DA3291CE26629DC9003233CC /* bumblebeesTests.swift */ = {isa = PBXFileReference; lastKnownFileType = sourcecode.swift; path = bumblebeesTests.swift; sourceTree = "<group>"; };
		DA3291D026629DC9003233CC /* Info.plist */ = {isa = PBXFileReference; lastKnownFileType = text.plist.xml; path = Info.plist; sourceTree = "<group>"; };
		DA3291D526629DC9003233CC /* bumblebeesUITests.xctest */ = {isa = PBXFileReference; explicitFileType = wrapper.cfbundle; includeInIndex = 0; path = bumblebeesUITests.xctest; sourceTree = BUILT_PRODUCTS_DIR; };
		DA3291D926629DC9003233CC /* bumblebeesUITests.swift */ = {isa = PBXFileReference; lastKnownFileType = sourcecode.swift; path = bumblebeesUITests.swift; sourceTree = "<group>"; };
		DA3291DB26629DC9003233CC /* Info.plist */ = {isa = PBXFileReference; lastKnownFileType = text.plist.xml; path = Info.plist; sourceTree = "<group>"; };
/* End PBXFileReference section */

/* Begin PBXFrameworksBuildPhase section */
		DA3291B626629DBC003233CC /* Frameworks */ = {
			isa = PBXFrameworksBuildPhase;
			buildActionMask = 2147483647;
			files = (
			);
			runOnlyForDeploymentPostprocessing = 0;
		};
		DA3291C726629DC9003233CC /* Frameworks */ = {
			isa = PBXFrameworksBuildPhase;
			buildActionMask = 2147483647;
			files = (
			);
			runOnlyForDeploymentPostprocessing = 0;
		};
		DA3291D226629DC9003233CC /* Frameworks */ = {
			isa = PBXFrameworksBuildPhase;
			buildActionMask = 2147483647;
			files = (
			);
			runOnlyForDeploymentPostprocessing = 0;
		};
/* End PBXFrameworksBuildPhase section */

/* Begin PBXGroup section */
		DA3291B026629DBC003233CC = {
			isa = PBXGroup;
			children = (
				DA3291BB26629DBC003233CC /* bumblebees */,
				DA3291CD26629DC9003233CC /* bumblebeesTests */,
				DA3291D826629DC9003233CC /* bumblebeesUITests */,
				DA3291BA26629DBC003233CC /* Products */,
			);
			sourceTree = "<group>";
		};
		DA3291BA26629DBC003233CC /* Products */ = {
			isa = PBXGroup;
			children = (
				DA3291B926629DBC003233CC /* bumblebees.app */,
				DA3291CA26629DC9003233CC /* bumblebeesTests.xctest */,
				DA3291D526629DC9003233CC /* bumblebeesUITests.xctest */,
			);
			name = Products;
			sourceTree = "<group>";
		};
		DA3291BB26629DBC003233CC /* bumblebees */ = {
			isa = PBXGroup;
			children = (
				DA3291BC26629DBC003233CC /* bumblebeesApp.swift */,
				DA3291BE26629DBC003233CC /* ContentView.swift */,
				DA3291C026629DC8003233CC /* Assets.xcassets */,
				DA3291C526629DC8003233CC /* Info.plist */,
				DA3291C226629DC8003233CC /* Preview Content */,
			);
			path = bumblebees;
			sourceTree = "<group>";
		};
		DA3291C226629DC8003233CC /* Preview Content */ = {
			isa = PBXGroup;
			children = (
				DA3291C326629DC8003233CC /* Preview Assets.xcassets */,
			);
			path = "Preview Content";
			sourceTree = "<group>";
		};
		DA3291CD26629DC9003233CC /* bumblebeesTests */ = {
			isa = PBXGroup;
			children = (
				DA3291CE26629DC9003233CC /* bumblebeesTests.swift */,
				DA3291D026629DC9003233CC /* Info.plist */,
			);
			path = bumblebeesTests;
			sourceTree = "<group>";
		};
		DA3291D826629DC9003233CC /* bumblebeesUITests */ = {
			isa = PBXGroup;
			children = (
				DA3291D926629DC9003233CC /* bumblebeesUITests.swift */,
				DA3291DB26629DC9003233CC /* Info.plist */,
			);
			path = bumblebeesUITests;
			sourceTree = "<group>";
		};
/* End PBXGroup section */

/* Begin PBXNativeTarget section */
		DA3291B826629DBC003233CC /* bumblebees */ = {
			isa = PBXNativeTarget;
			buildConfigurationList = DA3291DE26629DC9003233CC /* Build configuration list for PBXNativeTarget "bumblebees" */;
			buildPhases = (
				DA3291B526629DBC003233CC /* Sources */,
				DA3291B626629DBC003233CC /* Frameworks */,
				DA3291B726629DBC003233CC /* Resources */,
			);
			buildRules = (
			);
			dependencies = (
			);
			name = bumblebees;
			productName = bumblebees;
			productReference = DA3291B926629DBC003233CC /* bumblebees.app */;
			productType = "com.apple.product-type.application";
		};
		DA3291C926629DC9003233CC /* bumblebeesTests */ = {
			isa = PBXNativeTarget;
			buildConfigurationList = DA3291E126629DC9003233CC /* Build configuration list for PBXNativeTarget "bumblebeesTests" */;
			buildPhases = (
				DA3291C626629DC9003233CC /* Sources */,
				DA3291C726629DC9003233CC /* Frameworks */,
				DA3291C826629DC9003233CC /* Resources */,
			);
			buildRules = (
			);
			dependencies = (
				DA3291CC26629DC9003233CC /* PBXTargetDependency */,
			);
			name = bumblebeesTests;
			productName = bumblebeesTests;
			productReference = DA3291CA26629DC9003233CC /* bumblebeesTests.xctest */;
			productType = "com.apple.product-type.bundle.unit-test";
		};
		DA3291D426629DC9003233CC /* bumblebeesUITests */ = {
			isa = PBXNativeTarget;
			buildConfigurationList = DA3291E426629DC9003233CC /* Build configuration list for PBXNativeTarget "bumblebeesUITests" */;
			buildPhases = (
				DA3291D126629DC9003233CC /* Sources */,
				DA3291D226629DC9003233CC /* Frameworks */,
				DA3291D326629DC9003233CC /* Resources */,
			);
			buildRules = (
			);
			dependencies = (
				DA3291D726629DC9003233CC /* PBXTargetDependency */,
			);
			name = bumblebeesUITests;
			productName = bumblebeesUITests;
			productReference = DA3291D526629DC9003233CC /* bumblebeesUITests.xctest */;
			productType = "com.apple.product-type.bundle.ui-testing";
		};
/* End PBXNativeTarget section */

/* Begin PBXProject section */
		DA3291B126629DBC003233CC /* Project object */ = {
			isa = PBXProject;
			attributes = {
				LastSwiftUpdateCheck = 1240;
				LastUpgradeCheck = 1240;
				TargetAttributes = {
					DA3291B826629DBC003233CC = {
						CreatedOnToolsVersion = 12.4;
					};
					DA3291C926629DC9003233CC = {
						CreatedOnToolsVersion = 12.4;
						TestTargetID = DA3291B826629DBC003233CC;
					};
					DA3291D426629DC9003233CC = {
						CreatedOnToolsVersion = 12.4;
						TestTargetID = DA3291B826629DBC003233CC;
					};
				};
			};
			buildConfigurationList = DA3291B426629DBC003233CC /* Build configuration list for PBXProject "bumblebees" */;
			compatibilityVersion = "Xcode 9.3";
			developmentRegion = en;
			hasScannedForEncodings = 0;
			knownRegions = (
				en,
				Base,
			);
			mainGroup = DA3291B026629DBC003233CC;
			productRefGroup = DA3291BA26629DBC003233CC /* Products */;
			projectDirPath = "";
			projectRoot = "";
			targets = (
				DA3291B826629DBC003233CC /* bumblebees */,
				DA3291C926629DC9003233CC /* bumblebeesTests */,
				DA3291D426629DC9003233CC /* bumblebeesUITests */,
			);
		};
/* End PBXProject section */

/* Begin PBXResourcesBuildPhase section */
		DA3291B726629DBC003233CC /* Resources */ = {
			isa = PBXResourcesBuildPhase;
			buildActionMask = 2147483647;
			files = (
				DA3291C426629DC8003233CC /* Preview Assets.xcassets in Resources */,
				DA3291C126629DC8003233CC /* Assets.xcassets in Resources */,
			);
			runOnlyForDeploymentPostprocessing = 0;
		};
		DA3291C826629DC9003233CC /* Resources */ = {
			isa = PBXResourcesBuildPhase;
			buildActionMask = 2147483647;
			files = (
			);
			runOnlyForDeploymentPostprocessing = 0;
		};
		DA3291D326629DC9003233CC /* Resources */ = {
			isa = PBXResourcesBuildPhase;
			buildActionMask = 2147483647;
			files = (
			);
			runOnlyForDeploymentPostprocessing = 0;
		};
/* End PBXResourcesBuildPhase section */

/* Begin PBXSourcesBuildPhase section */
		DA3291B526629DBC003233CC /* Sources */ = {
			isa = PBXSourcesBuildPhase;
			buildActionMask = 2147483647;
			files = (
				DA3291BF26629DBC003233CC /* ContentView.swift in Sources */,
				DA3291BD26629DBC003233CC /* bumblebeesApp.swift in Sources */,
			);
			runOnlyForDeploymentPostprocessing = 0;
		};
		DA3291C626629DC9003233CC /* Sources */ = {
			isa = PBXSourcesBuildPhase;
			buildActionMask = 2147483647;
			files = (
				DA3291CF26629DC9003233CC /* bumblebeesTests.swift in Sources */,
			);
			runOnlyForDeploymentPostprocessing = 0;
		};
		DA3291D126629DC9003233CC /* Sources */ = {
			isa = PBXSourcesBuildPhase;
			buildActionMask = 2147483647;
			files = (
				DA3291DA26629DC9003233CC /* bumblebeesUITests.swift in Sources */,
			);
			runOnlyForDeploymentPostprocessing = 0;
		};
/* End PBXSourcesBuildPhase section */

/* Begin PBXTargetDependency section */
		DA3291CC26629DC9003233CC /* PBXTargetDependency */ = {
			isa = PBXTargetDependency;
			target = DA3291B826629DBC003233CC /* bumblebees */;
			targetProxy = DA3291CB26629DC9003233CC /* PBXContainerItemProxy */;
		};
		DA3291D726629DC9003233CC /* PBXTargetDependency */ = {
			isa = PBXTargetDependency;
			target = DA3291B826629DBC003233CC /* bumblebees */;
			targetProxy = DA3291D626629DC9003233CC /* PBXContainerItemProxy */;
		};
/* End PBXTargetDependency section */

/* Begin XCBuildConfiguration section */
		DA3291DC26629DC9003233CC /* Debug */ = {
			isa = XCBuildConfiguration;
			buildSettings = {
				ALWAYS_SEARCH_USER_PATHS = NO;
				CLANG_ANALYZER_NONNULL = YES;
				CLANG_ANALYZER_NUMBER_OBJECT_CONVERSION = YES_AGGRESSIVE;
				CLANG_CXX_LANGUAGE_STANDARD = "gnu++14";
				CLANG_CXX_LIBRARY = "libc++";
				CLANG_ENABLE_MODULES = YES;
				CLANG_ENABLE_OBJC_ARC = YES;
				CLANG_ENABLE_OBJC_WEAK = YES;
				CLANG_WARN_BLOCK_CAPTURE_AUTORELEASING = YES;
				CLANG_WARN_BOOL_CONVERSION = YES;
				CLANG_WARN_COMMA = YES;
				CLANG_WARN_CONSTANT_CONVERSION = YES;
				CLANG_WARN_DEPRECATED_OBJC_IMPLEMENTATIONS = YES;
				CLANG_WARN_DIRECT_OBJC_ISA_USAGE = YES_ERROR;
				CLANG_WARN_DOCUMENTATION_COMMENTS = YES;
				CLANG_WARN_EMPTY_BODY = YES;
				CLANG_WARN_ENUM_CONVERSION = YES;
				CLANG_WARN_INFINITE_RECURSION = YES;
				CLANG_WARN_INT_CONVERSION = YES;
				CLANG_WARN_NON_LITERAL_NULL_CONVERSION = YES;
				CLANG_WARN_OBJC_IMPLICIT_RETAIN_SELF = YES;
				CLANG_WARN_OBJC_LITERAL_CONVERSION = YES;
				CLANG_WARN_OBJC_ROOT_CLASS = YES_ERROR;
				CLANG_WARN_QUOTED_INCLUDE_IN_FRAMEWORK_HEADER = YES;
				CLANG_WARN_RANGE_LOOP_ANALYSIS = YES;
				CLANG_WARN_STRICT_PROTOTYPES = YES;
				CLANG_WARN_SUSPICIOUS_MOVE = YES;
				CLANG_WARN_UNGUARDED_AVAILABILITY = YES_AGGRESSIVE;
				CLANG_WARN_UNREACHABLE_CODE = YES;
				CLANG_WARN__DUPLICATE_METHOD_MATCH = YES;
				COPY_PHASE_STRIP = NO;
				DEBUG_INFORMATION_FORMAT = dwarf;
				ENABLE_STRICT_OBJC_MSGSEND = YES;
				ENABLE_TESTABILITY = YES;
				GCC_C_LANGUAGE_STANDARD = gnu11;
				GCC_DYNAMIC_NO_PIC = NO;
				GCC_NO_COMMON_BLOCKS = YES;
				GCC_OPTIMIZATION_LEVEL = 0;
				GCC_PREPROCESSOR_DEFINITIONS = (
					"DEBUG=1",
					"$(inherited)",
				);
				GCC_WARN_64_TO_32_BIT_CONVERSION = YES;
				GCC_WARN_ABOUT_RETURN_TYPE = YES_ERROR;
				GCC_WARN_UNDECLARED_SELECTOR = YES;
				GCC_WARN_UNINITIALIZED_AUTOS = YES_AGGRESSIVE;
				GCC_WARN_UNUSED_FUNCTION = YES;
				GCC_WARN_UNUSED_VARIABLE = YES;
				IPHONEOS_DEPLOYMENT_TARGET = 14.4;
				MTL_ENABLE_DEBUG_INFO = INCLUDE_SOURCE;
				MTL_FAST_MATH = YES;
				ONLY_ACTIVE_ARCH = YES;
				SDKROOT = iphoneos;
				SWIFT_ACTIVE_COMPILATION_CONDITIONS = DEBUG;
				SWIFT_OPTIMIZATION_LEVEL = "-Onone";
			};
			name = Debug;
		};
		DA3291DD26629DC9003233CC /* Release */ = {
			isa = XCBuildConfiguration;
			buildSettings = {
				ALWAYS_SEARCH_USER_PATHS = NO;
				CLANG_ANALYZER_NONNULL = YES;
				CLANG_ANALYZER_NUMBER_OBJECT_CONVERSION = YES_AGGRESSIVE;
				CLANG_CXX_LANGUAGE_STANDARD = "gnu++14";
				CLANG_CXX_LIBRARY = "libc++";
				CLANG_ENABLE_MODULES = YES;
				CLANG_ENABLE_OBJC_ARC = YES;
				CLANG_ENABLE_OBJC_WEAK = YES;
				CLANG_WARN_BLOCK_CAPTURE_AUTORELEASING = YES;
				CLANG_WARN_BOOL_CONVERSION = YES;
				CLANG_WARN_COMMA = YES;
				CLANG_WARN_CONSTANT_CONVERSION = YES;
				CLANG_WARN_DEPRECATED_OBJC_IMPLEMENTATIONS = YES;
				CLANG_WARN_DIRECT_OBJC_ISA_USAGE = YES_ERROR;
				CLANG_WARN_DOCUMENTATION_COMMENTS = YES;
				CLANG_WARN_EMPTY_BODY = YES;
				CLANG_WARN_ENUM_CONVERSION = YES;
				CLANG_WARN_INFINITE_RECURSION = YES;
				CLANG_WARN_INT_CONVERSION = YES;
				CLANG_WARN_NON_LITERAL_NULL_CONVERSION = YES;
				CLANG_WARN_OBJC_IMPLICIT_RETAIN_SELF = YES;
				CLANG_WARN_OBJC_LITERAL_CONVERSION = YES;
				CLANG_WARN_OBJC_ROOT_CLASS = YES_ERROR;
				CLANG_WARN_QUOTED_INCLUDE_IN_FRAMEWORK_HEADER = YES;
				CLANG_WARN_RANGE_LOOP_ANALYSIS = YES;
				CLANG_WARN_STRICT_PROTOTYPES = YES;
				CLANG_WARN_SUSPICIOUS_MOVE = YES;
				CLANG_WARN_UNGUARDED_AVAILABILITY = YES_AGGRESSIVE;
				CLANG_WARN_UNREACHABLE_CODE = YES;
				CLANG_WARN__DUPLICATE_METHOD_MATCH = YES;
				COPY_PHASE_STRIP = NO;
				DEBUG_INFORMATION_FORMAT = "dwarf-with-dsym";
				ENABLE_NS_ASSERTIONS = NO;
				ENABLE_STRICT_OBJC_MSGSEND = YES;
				GCC_C_LANGUAGE_STANDARD = gnu11;
				GCC_NO_COMMON_BLOCKS = YES;
				GCC_WARN_64_TO_32_BIT_CONVERSION = YES;
				GCC_WARN_ABOUT_RETURN_TYPE = YES_ERROR;
				GCC_WARN_UNDECLARED_SELECTOR = YES;
				GCC_WARN_UNINITIALIZED_AUTOS = YES_AGGRESSIVE;
				GCC_WARN_UNUSED_FUNCTION = YES;
				GCC_WARN_UNUSED_VARIABLE = YES;
				IPHONEOS_DEPLOYMENT_TARGET = 14.4;
				MTL_ENABLE_DEBUG_INFO = NO;
				MTL_FAST_MATH = YES;
				SDKROOT = iphoneos;
				SWIFT_COMPILATION_MODE = wholemodule;
				SWIFT_OPTIMIZATION_LEVEL = "-O";
				VALIDATE_PRODUCT = YES;
			};
			name = Release;
		};
		DA3291DF26629DC9003233CC /* Debug */ = {
			isa = XCBuildConfiguration;
			buildSettings = {
				ASSETCATALOG_COMPILER_APPICON_NAME = AppIcon;
				ASSETCATALOG_COMPILER_GLOBAL_ACCENT_COLOR_NAME = AccentColor;
				CODE_SIGN_STYLE = Automatic;
				DEVELOPMENT_ASSET_PATHS = "\"bumblebees/Preview Content\"";
				DEVELOPMENT_TEAM = G54ZZQ9828;
				ENABLE_PREVIEWS = YES;
				INFOPLIST_FILE = bumblebees/Info.plist;
				IPHONEOS_DEPLOYMENT_TARGET = 14.0;
				LD_RUNPATH_SEARCH_PATHS = (
					"$(inherited)",
					"@executable_path/Frameworks",
				);
				PRODUCT_BUNDLE_IDENTIFIER = com.technopathz.bumblebees;
				PRODUCT_NAME = "$(TARGET_NAME)";
				SWIFT_VERSION = 5.0;
				TARGETED_DEVICE_FAMILY = "1,2";
			};
			name = Debug;
		};
		DA3291E026629DC9003233CC /* Release */ = {
			isa = XCBuildConfiguration;
			buildSettings = {
				ASSETCATALOG_COMPILER_APPICON_NAME = AppIcon;
				ASSETCATALOG_COMPILER_GLOBAL_ACCENT_COLOR_NAME = AccentColor;
				CODE_SIGN_STYLE = Automatic;
				DEVELOPMENT_ASSET_PATHS = "\"bumblebees/Preview Content\"";
				DEVELOPMENT_TEAM = G54ZZQ9828;
				ENABLE_PREVIEWS = YES;
				INFOPLIST_FILE = bumblebees/Info.plist;
				IPHONEOS_DEPLOYMENT_TARGET = 14.0;
				LD_RUNPATH_SEARCH_PATHS = (
					"$(inherited)",
					"@executable_path/Frameworks",
				);
				PRODUCT_BUNDLE_IDENTIFIER = com.technopathz.bumblebees;
				PRODUCT_NAME = "$(TARGET_NAME)";
				SWIFT_VERSION = 5.0;
				TARGETED_DEVICE_FAMILY = "1,2";
			};
			name = Release;
		};
		DA3291E226629DC9003233CC /* Debug */ = {
			isa = XCBuildConfiguration;
			buildSettings = {
				ALWAYS_EMBED_SWIFT_STANDARD_LIBRARIES = YES;
				BUNDLE_LOADER = "$(TEST_HOST)";
				CODE_SIGN_STYLE = Automatic;
				DEVELOPMENT_TEAM = G54ZZQ9828;
				INFOPLIST_FILE = bumblebeesTests/Info.plist;
				IPHONEOS_DEPLOYMENT_TARGET = 14.0;
				LD_RUNPATH_SEARCH_PATHS = (
					"$(inherited)",
					"@executable_path/Frameworks",
					"@loader_path/Frameworks",
				);
				PRODUCT_BUNDLE_IDENTIFIER = com.technopathz.bumblebeesTests;
				PRODUCT_NAME = "$(TARGET_NAME)";
				SWIFT_VERSION = 5.0;
				TARGETED_DEVICE_FAMILY = "1,2";
				TEST_HOST = "$(BUILT_PRODUCTS_DIR)/bumblebees.app/bumblebees";
			};
			name = Debug;
		};
		DA3291E326629DC9003233CC /* Release */ = {
			isa = XCBuildConfiguration;
			buildSettings = {
				ALWAYS_EMBED_SWIFT_STANDARD_LIBRARIES = YES;
				BUNDLE_LOADER = "$(TEST_HOST)";
				CODE_SIGN_STYLE = Automatic;
				DEVELOPMENT_TEAM = G54ZZQ9828;
				INFOPLIST_FILE = bumblebeesTests/Info.plist;
				IPHONEOS_DEPLOYMENT_TARGET = 14.0;
				LD_RUNPATH_SEARCH_PATHS = (
					"$(inherited)",
					"@executable_path/Frameworks",
					"@loader_path/Frameworks",
				);
				PRODUCT_BUNDLE_IDENTIFIER = com.technopathz.bumblebeesTests;
				PRODUCT_NAME = "$(TARGET_NAME)";
				SWIFT_VERSION = 5.0;
				TARGETED_DEVICE_FAMILY = "1,2";
				TEST_HOST = "$(BUILT_PRODUCTS_DIR)/bumblebees.app/bumblebees";
			};
			name = Release;
		};
		DA3291E526629DC9003233CC /* Debug */ = {
			isa = XCBuildConfiguration;
			buildSettings = {
				ALWAYS_EMBED_SWIFT_STANDARD_LIBRARIES = YES;
				CODE_SIGN_STYLE = Automatic;
				DEVELOPMENT_TEAM = G54ZZQ9828;
				INFOPLIST_FILE = bumblebeesUITests/Info.plist;
				LD_RUNPATH_SEARCH_PATHS = (
					"$(inherited)",
					"@executable_path/Frameworks",
					"@loader_path/Frameworks",
				);
				PRODUCT_BUNDLE_IDENTIFIER = com.technopathz.bumblebeesUITests;
				PRODUCT_NAME = "$(TARGET_NAME)";
				SWIFT_VERSION = 5.0;
				TARGETED_DEVICE_FAMILY = "1,2";
				TEST_TARGET_NAME = bumblebees;
			};
			name = Debug;
		};
		DA3291E626629DC9003233CC /* Release */ = {
			isa = XCBuildConfiguration;
			buildSettings = {
				ALWAYS_EMBED_SWIFT_STANDARD_LIBRARIES = YES;
				CODE_SIGN_STYLE = Automatic;
				DEVELOPMENT_TEAM = G54ZZQ9828;
				INFOPLIST_FILE = bumblebeesUITests/Info.plist;
				LD_RUNPATH_SEARCH_PATHS = (
					"$(inherited)",
					"@executable_path/Frameworks",
					"@loader_path/Frameworks",
				);
				PRODUCT_BUNDLE_IDENTIFIER = com.technopathz.bumblebeesUITests;
				PRODUCT_NAME = "$(TARGET_NAME)";
				SWIFT_VERSION = 5.0;
				TARGETED_DEVICE_FAMILY = "1,2";
				TEST_TARGET_NAME = bumblebees;
			};
			name = Release;
		};
/* End XCBuildConfiguration section */

/* Begin XCConfigurationList section */
		DA3291B426629DBC003233CC /* Build configuration list for PBXProject "bumblebees" */ = {
			isa = XCConfigurationList;
			buildConfigurations = (
				DA3291DC26629DC9003233CC /* Debug */,
				DA3291DD26629DC9003233CC /* Release */,
			);
			defaultConfigurationIsVisible = 0;
			defaultConfigurationName = Release;
		};
		DA3291DE26629DC9003233CC /* Build configuration list for PBXNativeTarget "bumblebees" */ = {
			isa = XCConfigurationList;
			buildConfigurations = (
				DA3291DF26629DC9003233CC /* Debug */,
				DA3291E026629DC9003233CC /* Release */,
			);
			defaultConfigurationIsVisible = 0;
			defaultConfigurationName = Release;
		};
		DA3291E126629DC9003233CC /* Build configuration list for PBXNativeTarget "bumblebeesTests" */ = {
			isa = XCConfigurationList;
			buildConfigurations = (
				DA3291E226629DC9003233CC /* Debug */,
				DA3291E326629DC9003233CC /* Release */,
			);
			defaultConfigurationIsVisible = 0;
			defaultConfigurationName = Release;
		};
		DA3291E426629DC9003233CC /* Build configuration list for PBXNativeTarget "bumblebeesUITests" */ = {
			isa = XCConfigurationList;
			buildConfigurations = (
				DA3291E526629DC9003233CC /* Debug */,
				DA3291E626629DC9003233CC /* Release */,
			);
			defaultConfigurationIsVisible = 0;
			defaultConfigurationName = Release;
		};
/* End XCConfigurationList section */
	};
	rootObject = DA3291B126629DBC003233CC /* Project object */;
}
